// !$*UTF8*$!
{
	archiveVersion = 1;
	classes = {
	};
	objectVersion = 55;
	objects = {

/* Begin PBXBuildFile section */
		7915F6C72855868E00298DB1 /* Sequence-Sorting.swift in Sources */ = {isa = PBXBuildFile; fileRef = 7915F6C62855868E00298DB1 /* Sequence-Sorting.swift */; };
		7915F6C928567DD000298DB1 /* SelectSomethingView.swift in Sources */ = {isa = PBXBuildFile; fileRef = 7915F6C828567DD000298DB1 /* SelectSomethingView.swift */; };
		7915F6CB28567F7800298DB1 /* Bundle-Decodable.swift in Sources */ = {isa = PBXBuildFile; fileRef = 7915F6CA28567F7800298DB1 /* Bundle-Decodable.swift */; };
		7915F6D1285682B300298DB1 /* Award.swift in Sources */ = {isa = PBXBuildFile; fileRef = 7915F6D0285682B300298DB1 /* Award.swift */; };
		7915F6D32856830F00298DB1 /* AwardsView.swift in Sources */ = {isa = PBXBuildFile; fileRef = 7915F6D22856830F00298DB1 /* AwardsView.swift */; };
		7915F6D528568CFB00298DB1 /* Color-Additions.swift in Sources */ = {isa = PBXBuildFile; fileRef = 7915F6D428568CFB00298DB1 /* Color-Additions.swift */; };
		7915F6DA2857CEE500298DB1 /* Localizable.strings in Resources */ = {isa = PBXBuildFile; fileRef = 7915F6DC2857CEE500298DB1 /* Localizable.strings */; };
		7915F6DE2857CF7C00298DB1 /* Localizable.stringsdict in Resources */ = {isa = PBXBuildFile; fileRef = 7915F6E02857CF7C00298DB1 /* Localizable.stringsdict */; };
		7915F6E22857D00500298DB1 /* Awards.json in Resources */ = {isa = PBXBuildFile; fileRef = 7915F6E42857D00500298DB1 /* Awards.json */; };
		7915F6E72857DBA600298DB1 /* ItemListView.swift in Sources */ = {isa = PBXBuildFile; fileRef = 7915F6E62857DBA600298DB1 /* ItemListView.swift */; };
		7915F6E92857DC5900298DB1 /* ProjectSummaryView.swift in Sources */ = {isa = PBXBuildFile; fileRef = 7915F6E82857DC5900298DB1 /* ProjectSummaryView.swift */; };
		7915F6EB2859133800298DB1 /* Strings.swift in Sources */ = {isa = PBXBuildFile; fileRef = 7915F6EA2859133800298DB1 /* Strings.swift */; };
		7915F6FD285BCF1500298DB1 /* MyProjectTests.swift in Sources */ = {isa = PBXBuildFile; fileRef = 7915F6FC285BCF1500298DB1 /* MyProjectTests.swift */; };
		7915F704285BD35800298DB1 /* AssetTests.swift in Sources */ = {isa = PBXBuildFile; fileRef = 7915F703285BD35800298DB1 /* AssetTests.swift */; };
		7915F708285CF97700298DB1 /* ProjectTests.swift in Sources */ = {isa = PBXBuildFile; fileRef = 7915F707285CF97700298DB1 /* ProjectTests.swift */; };
		7915F70A285CFBA100298DB1 /* AwardTests.swift in Sources */ = {isa = PBXBuildFile; fileRef = 7915F709285CFBA100298DB1 /* AwardTests.swift */; };
		7915F70C285D023500298DB1 /* DevelopmentTests.swift in Sources */ = {isa = PBXBuildFile; fileRef = 7915F70B285D023500298DB1 /* DevelopmentTests.swift */; };
		7915F70E285D1B6900298DB1 /* ExtensionTests.swift in Sources */ = {isa = PBXBuildFile; fileRef = 7915F70D285D1B6900298DB1 /* ExtensionTests.swift */; };
		7915F714285D20CE00298DB1 /* DecodableDictionary.json in Resources */ = {isa = PBXBuildFile; fileRef = 7915F713285D20CE00298DB1 /* DecodableDictionary.json */; };
		7915F716285D20FB00298DB1 /* DecodableString.json in Resources */ = {isa = PBXBuildFile; fileRef = 7915F715285D20FB00298DB1 /* DecodableString.json */; };
		7915F718285D332D00298DB1 /* PerformanceTests.swift in Sources */ = {isa = PBXBuildFile; fileRef = 7915F717285D332D00298DB1 /* PerformanceTests.swift */; };
		7915F720285D373300298DB1 /* MyProjectUITests.swift in Sources */ = {isa = PBXBuildFile; fileRef = 7915F71F285D373300298DB1 /* MyProjectUITests.swift */; };
		7915F722285D373300298DB1 /* MyProjectUITestsLaunchTests.swift in Sources */ = {isa = PBXBuildFile; fileRef = 7915F721285D373300298DB1 /* MyProjectUITestsLaunchTests.swift */; };
		7915F729285FB6A900298DB1 /* ItemRowViewModel.swift in Sources */ = {isa = PBXBuildFile; fileRef = 7915F728285FB6A900298DB1 /* ItemRowViewModel.swift */; };
		797CFF3E2863B34A000FC2A1 /* UnlockManager.swift in Sources */ = {isa = PBXBuildFile; fileRef = 797CFF3D2863B34A000FC2A1 /* UnlockManager.swift */; };
		79D999C72853DF8B00090113 /* MyProjectApp.swift in Sources */ = {isa = PBXBuildFile; fileRef = 79D999C62853DF8B00090113 /* MyProjectApp.swift */; };
		79D999C92853DF8B00090113 /* ContentView.swift in Sources */ = {isa = PBXBuildFile; fileRef = 79D999C82853DF8B00090113 /* ContentView.swift */; };
		79D999CB2853DF9300090113 /* Assets.xcassets in Resources */ = {isa = PBXBuildFile; fileRef = 79D999CA2853DF9300090113 /* Assets.xcassets */; };
		79D999CE2853DF9300090113 /* Preview Assets.xcassets in Resources */ = {isa = PBXBuildFile; fileRef = 79D999CD2853DF9300090113 /* Preview Assets.xcassets */; };
		79D999D62853E03600090113 /* Main.xcdatamodeld in Sources */ = {isa = PBXBuildFile; fileRef = 79D999D42853E03600090113 /* Main.xcdatamodeld */; };
		79D999D82853E46A00090113 /* DataController.swift in Sources */ = {isa = PBXBuildFile; fileRef = 79D999D72853E46A00090113 /* DataController.swift */; };
		79D999DB2853F43900090113 /* HomeView.swift in Sources */ = {isa = PBXBuildFile; fileRef = 79D999DA2853F43900090113 /* HomeView.swift */; };
		79D999DD2853F55A00090113 /* ProjectsView.swift in Sources */ = {isa = PBXBuildFile; fileRef = 79D999DC2853F55A00090113 /* ProjectsView.swift */; };
		79D999DF285408EE00090113 /* Item-CoreDataHelpers.swift in Sources */ = {isa = PBXBuildFile; fileRef = 79D999DE285408EE00090113 /* Item-CoreDataHelpers.swift */; };
		79D999E12854096A00090113 /* Project-CoreDataHelpers.swift in Sources */ = {isa = PBXBuildFile; fileRef = 79D999E02854096A00090113 /* Project-CoreDataHelpers.swift */; };
		79D999E52854100200090113 /* EditItemView.swift in Sources */ = {isa = PBXBuildFile; fileRef = 79D999E42854100200090113 /* EditItemView.swift */; };
		79D999E7285413A500090113 /* ItemRowView.swift in Sources */ = {isa = PBXBuildFile; fileRef = 79D999E6285413A500090113 /* ItemRowView.swift */; };
		79D999E92854146300090113 /* Binding-OnChange.swift in Sources */ = {isa = PBXBuildFile; fileRef = 79D999E82854146300090113 /* Binding-OnChange.swift */; };
		79D999EB2855199400090113 /* ProjectHeaderView.swift in Sources */ = {isa = PBXBuildFile; fileRef = 79D999EA2855199400090113 /* ProjectHeaderView.swift */; };
		79D999ED28551BC700090113 /* Color.xcassets in Resources */ = {isa = PBXBuildFile; fileRef = 79D999EC28551BC700090113 /* Color.xcassets */; };
		79D999EF28551C1F00090113 /* EditProjectView.swift in Sources */ = {isa = PBXBuildFile; fileRef = 79D999EE28551C1F00090113 /* EditProjectView.swift */; };
/* End PBXBuildFile section */

/* Begin PBXContainerItemProxy section */
		7915F6FE285BCF1500298DB1 /* PBXContainerItemProxy */ = {
			isa = PBXContainerItemProxy;
			containerPortal = 79D999BB2853DF8B00090113 /* Project object */;
			proxyType = 1;
			remoteGlobalIDString = 79D999C22853DF8B00090113;
			remoteInfo = MyProject;
		};
		7915F723285D373300298DB1 /* PBXContainerItemProxy */ = {
			isa = PBXContainerItemProxy;
			containerPortal = 79D999BB2853DF8B00090113 /* Project object */;
			proxyType = 1;
			remoteGlobalIDString = 79D999C22853DF8B00090113;
			remoteInfo = MyProject;
		};
/* End PBXContainerItemProxy section */

/* Begin PBXFileReference section */
		7915F6C62855868E00298DB1 /* Sequence-Sorting.swift */ = {isa = PBXFileReference; lastKnownFileType = sourcecode.swift; path = "Sequence-Sorting.swift"; sourceTree = "<group>"; };
		7915F6C828567DD000298DB1 /* SelectSomethingView.swift */ = {isa = PBXFileReference; lastKnownFileType = sourcecode.swift; path = SelectSomethingView.swift; sourceTree = "<group>"; };
		7915F6CA28567F7800298DB1 /* Bundle-Decodable.swift */ = {isa = PBXFileReference; lastKnownFileType = sourcecode.swift; path = "Bundle-Decodable.swift"; sourceTree = "<group>"; };
		7915F6D0285682B300298DB1 /* Award.swift */ = {isa = PBXFileReference; lastKnownFileType = sourcecode.swift; path = Award.swift; sourceTree = "<group>"; };
		7915F6D22856830F00298DB1 /* AwardsView.swift */ = {isa = PBXFileReference; lastKnownFileType = sourcecode.swift; path = AwardsView.swift; sourceTree = "<group>"; };
		7915F6D428568CFB00298DB1 /* Color-Additions.swift */ = {isa = PBXFileReference; lastKnownFileType = sourcecode.swift; path = "Color-Additions.swift"; sourceTree = "<group>"; };
		7915F6DB2857CEE500298DB1 /* en */ = {isa = PBXFileReference; lastKnownFileType = text.plist.strings; name = en; path = en.lproj/Localizable.strings; sourceTree = "<group>"; };
		7915F6DD2857CEEA00298DB1 /* hu */ = {isa = PBXFileReference; lastKnownFileType = text.plist.strings; name = hu; path = hu.lproj/Localizable.strings; sourceTree = "<group>"; };
		7915F6DF2857CF7C00298DB1 /* en */ = {isa = PBXFileReference; lastKnownFileType = text.plist.stringsdict; name = en; path = en.lproj/Localizable.stringsdict; sourceTree = "<group>"; };
		7915F6E12857CF7E00298DB1 /* hu */ = {isa = PBXFileReference; lastKnownFileType = text.plist.stringsdict; name = hu; path = hu.lproj/Localizable.stringsdict; sourceTree = "<group>"; };
		7915F6E32857D00500298DB1 /* en */ = {isa = PBXFileReference; lastKnownFileType = text.json; name = en; path = en.lproj/Awards.json; sourceTree = "<group>"; };
		7915F6E52857D00800298DB1 /* hu */ = {isa = PBXFileReference; lastKnownFileType = text.json; name = hu; path = hu.lproj/Awards.json; sourceTree = "<group>"; };
		7915F6E62857DBA600298DB1 /* ItemListView.swift */ = {isa = PBXFileReference; lastKnownFileType = sourcecode.swift; path = ItemListView.swift; sourceTree = "<group>"; };
		7915F6E82857DC5900298DB1 /* ProjectSummaryView.swift */ = {isa = PBXFileReference; lastKnownFileType = sourcecode.swift; path = ProjectSummaryView.swift; sourceTree = "<group>"; };
		7915F6EA2859133800298DB1 /* Strings.swift */ = {isa = PBXFileReference; lastKnownFileType = sourcecode.swift; path = Strings.swift; sourceTree = "<group>"; };
		7915F6FA285BCF1500298DB1 /* MyProjectTests.xctest */ = {isa = PBXFileReference; explicitFileType = wrapper.cfbundle; includeInIndex = 0; path = MyProjectTests.xctest; sourceTree = BUILT_PRODUCTS_DIR; };
		7915F6FC285BCF1500298DB1 /* MyProjectTests.swift */ = {isa = PBXFileReference; lastKnownFileType = sourcecode.swift; path = MyProjectTests.swift; sourceTree = "<group>"; };
		7915F703285BD35800298DB1 /* AssetTests.swift */ = {isa = PBXFileReference; lastKnownFileType = sourcecode.swift; path = AssetTests.swift; sourceTree = "<group>"; };
		7915F707285CF97700298DB1 /* ProjectTests.swift */ = {isa = PBXFileReference; lastKnownFileType = sourcecode.swift; path = ProjectTests.swift; sourceTree = "<group>"; };
		7915F709285CFBA100298DB1 /* AwardTests.swift */ = {isa = PBXFileReference; lastKnownFileType = sourcecode.swift; path = AwardTests.swift; sourceTree = "<group>"; };
		7915F70B285D023500298DB1 /* DevelopmentTests.swift */ = {isa = PBXFileReference; lastKnownFileType = sourcecode.swift; path = DevelopmentTests.swift; sourceTree = "<group>"; };
		7915F70D285D1B6900298DB1 /* ExtensionTests.swift */ = {isa = PBXFileReference; lastKnownFileType = sourcecode.swift; path = ExtensionTests.swift; sourceTree = "<group>"; };
		7915F713285D20CE00298DB1 /* DecodableDictionary.json */ = {isa = PBXFileReference; lastKnownFileType = text.json; path = DecodableDictionary.json; sourceTree = "<group>"; };
		7915F715285D20FB00298DB1 /* DecodableString.json */ = {isa = PBXFileReference; lastKnownFileType = text.json; path = DecodableString.json; sourceTree = "<group>"; };
		7915F717285D332D00298DB1 /* PerformanceTests.swift */ = {isa = PBXFileReference; lastKnownFileType = sourcecode.swift; path = PerformanceTests.swift; sourceTree = "<group>"; };
		7915F71D285D373300298DB1 /* MyProjectUITests.xctest */ = {isa = PBXFileReference; explicitFileType = wrapper.cfbundle; includeInIndex = 0; path = MyProjectUITests.xctest; sourceTree = BUILT_PRODUCTS_DIR; };
		7915F71F285D373300298DB1 /* MyProjectUITests.swift */ = {isa = PBXFileReference; lastKnownFileType = sourcecode.swift; path = MyProjectUITests.swift; sourceTree = "<group>"; };
		7915F721285D373300298DB1 /* MyProjectUITestsLaunchTests.swift */ = {isa = PBXFileReference; lastKnownFileType = sourcecode.swift; path = MyProjectUITestsLaunchTests.swift; sourceTree = "<group>"; };
		7915F728285FB6A900298DB1 /* ItemRowViewModel.swift */ = {isa = PBXFileReference; lastKnownFileType = sourcecode.swift; path = ItemRowViewModel.swift; sourceTree = "<group>"; };
		796542F72863BB3E00963C45 /* Configuration.storekit */ = {isa = PBXFileReference; lastKnownFileType = text; path = Configuration.storekit; sourceTree = "<group>"; };
		797CFF3D2863B34A000FC2A1 /* UnlockManager.swift */ = {isa = PBXFileReference; lastKnownFileType = sourcecode.swift; path = UnlockManager.swift; sourceTree = "<group>"; };
		79D999C32853DF8B00090113 /* MyProject.app */ = {isa = PBXFileReference; explicitFileType = wrapper.application; includeInIndex = 0; path = MyProject.app; sourceTree = BUILT_PRODUCTS_DIR; };
		79D999C62853DF8B00090113 /* MyProjectApp.swift */ = {isa = PBXFileReference; lastKnownFileType = sourcecode.swift; path = MyProjectApp.swift; sourceTree = "<group>"; };
		79D999C82853DF8B00090113 /* ContentView.swift */ = {isa = PBXFileReference; lastKnownFileType = sourcecode.swift; path = ContentView.swift; sourceTree = "<group>"; };
		79D999CA2853DF9300090113 /* Assets.xcassets */ = {isa = PBXFileReference; lastKnownFileType = folder.assetcatalog; path = Assets.xcassets; sourceTree = "<group>"; };
		79D999CD2853DF9300090113 /* Preview Assets.xcassets */ = {isa = PBXFileReference; lastKnownFileType = folder.assetcatalog; path = "Preview Assets.xcassets"; sourceTree = "<group>"; };
		79D999D52853E03600090113 /* Main.xcdatamodel */ = {isa = PBXFileReference; lastKnownFileType = wrapper.xcdatamodel; path = Main.xcdatamodel; sourceTree = "<group>"; };
		79D999D72853E46A00090113 /* DataController.swift */ = {isa = PBXFileReference; lastKnownFileType = sourcecode.swift; path = DataController.swift; sourceTree = "<group>"; };
		79D999D92853F00D00090113 /* Info.plist */ = {isa = PBXFileReference; lastKnownFileType = text.plist; path = Info.plist; sourceTree = "<group>"; };
		79D999DA2853F43900090113 /* HomeView.swift */ = {isa = PBXFileReference; lastKnownFileType = sourcecode.swift; path = HomeView.swift; sourceTree = "<group>"; };
		79D999DC2853F55A00090113 /* ProjectsView.swift */ = {isa = PBXFileReference; lastKnownFileType = sourcecode.swift; path = ProjectsView.swift; sourceTree = "<group>"; };
		79D999DE285408EE00090113 /* Item-CoreDataHelpers.swift */ = {isa = PBXFileReference; lastKnownFileType = sourcecode.swift; path = "Item-CoreDataHelpers.swift"; sourceTree = "<group>"; };
		79D999E02854096A00090113 /* Project-CoreDataHelpers.swift */ = {isa = PBXFileReference; lastKnownFileType = sourcecode.swift; path = "Project-CoreDataHelpers.swift"; sourceTree = "<group>"; };
		79D999E42854100200090113 /* EditItemView.swift */ = {isa = PBXFileReference; lastKnownFileType = sourcecode.swift; path = EditItemView.swift; sourceTree = "<group>"; };
		79D999E6285413A500090113 /* ItemRowView.swift */ = {isa = PBXFileReference; lastKnownFileType = sourcecode.swift; path = ItemRowView.swift; sourceTree = "<group>"; };
		79D999E82854146300090113 /* Binding-OnChange.swift */ = {isa = PBXFileReference; lastKnownFileType = sourcecode.swift; path = "Binding-OnChange.swift"; sourceTree = "<group>"; };
		79D999EA2855199400090113 /* ProjectHeaderView.swift */ = {isa = PBXFileReference; lastKnownFileType = sourcecode.swift; path = ProjectHeaderView.swift; sourceTree = "<group>"; };
		79D999EC28551BC700090113 /* Color.xcassets */ = {isa = PBXFileReference; lastKnownFileType = folder.assetcatalog; path = Color.xcassets; sourceTree = "<group>"; };
		79D999EE28551C1F00090113 /* EditProjectView.swift */ = {isa = PBXFileReference; lastKnownFileType = sourcecode.swift; path = EditProjectView.swift; sourceTree = "<group>"; };
/* End PBXFileReference section */

/* Begin PBXFrameworksBuildPhase section */
		7915F6F7285BCF1500298DB1 /* Frameworks */ = {
			isa = PBXFrameworksBuildPhase;
			buildActionMask = 2147483647;
			files = (
			);
			runOnlyForDeploymentPostprocessing = 0;
		};
		7915F71A285D373300298DB1 /* Frameworks */ = {
			isa = PBXFrameworksBuildPhase;
			buildActionMask = 2147483647;
			files = (
			);
			runOnlyForDeploymentPostprocessing = 0;
		};
		79D999C02853DF8B00090113 /* Frameworks */ = {
			isa = PBXFrameworksBuildPhase;
			buildActionMask = 2147483647;
			files = (
			);
			runOnlyForDeploymentPostprocessing = 0;
		};
/* End PBXFrameworksBuildPhase section */

/* Begin PBXGroup section */
		7915F6EE285BCB1B00298DB1 /* Controllers */ = {
			isa = PBXGroup;
			children = (
				79D999D72853E46A00090113 /* DataController.swift */,
				797CFF3D2863B34A000FC2A1 /* UnlockManager.swift */,
				796542F72863BB3E00963C45 /* Configuration.storekit */,
			);
			path = Controllers;
			sourceTree = "<group>";
		};
		7915F6EF285BCB4A00298DB1 /* Extensions */ = {
			isa = PBXGroup;
			children = (
				79D999E82854146300090113 /* Binding-OnChange.swift */,
				7915F6F5285BCC5300298DB1 /* CoreData */,
				7915F6CA28567F7800298DB1 /* Bundle-Decodable.swift */,
				7915F6D428568CFB00298DB1 /* Color-Additions.swift */,
				7915F6C62855868E00298DB1 /* Sequence-Sorting.swift */,
			);
			path = Extensions;
			sourceTree = "<group>";
		};
		7915F6F0285BCB5D00298DB1 /* Localization */ = {
			isa = PBXGroup;
			children = (
				7915F6DC2857CEE500298DB1 /* Localizable.strings */,
				7915F6E02857CF7C00298DB1 /* Localizable.stringsdict */,
			);
			path = Localization;
			sourceTree = "<group>";
		};
		7915F6F1285BCBD200298DB1 /* Activites */ = {
			isa = PBXGroup;
			children = (
				79D999C82853DF8B00090113 /* ContentView.swift */,
				7915F6F4285BCBE400298DB1 /* Awards */,
				7915F6F3285BCBDE00298DB1 /* Projects */,
				7915F6F2285BCBDA00298DB1 /* Home */,
			);
			path = Activites;
			sourceTree = "<group>";
		};
		7915F6F2285BCBDA00298DB1 /* Home */ = {
			isa = PBXGroup;
			children = (
				79D999DA2853F43900090113 /* HomeView.swift */,
				7915F6E62857DBA600298DB1 /* ItemListView.swift */,
				7915F6E82857DC5900298DB1 /* ProjectSummaryView.swift */,
			);
			path = Home;
			sourceTree = "<group>";
		};
		7915F6F3285BCBDE00298DB1 /* Projects */ = {
			isa = PBXGroup;
			children = (
				79D999EE28551C1F00090113 /* EditProjectView.swift */,
				79D999E42854100200090113 /* EditItemView.swift */,
				79D999E6285413A500090113 /* ItemRowView.swift */,
				7915F728285FB6A900298DB1 /* ItemRowViewModel.swift */,
				79D999EA2855199400090113 /* ProjectHeaderView.swift */,
				79D999DC2853F55A00090113 /* ProjectsView.swift */,
				7915F6C828567DD000298DB1 /* SelectSomethingView.swift */,
			);
			path = Projects;
			sourceTree = "<group>";
		};
		7915F6F4285BCBE400298DB1 /* Awards */ = {
			isa = PBXGroup;
			children = (
				7915F6D22856830F00298DB1 /* AwardsView.swift */,
				7915F6D0285682B300298DB1 /* Award.swift */,
				7915F6E42857D00500298DB1 /* Awards.json */,
			);
			path = Awards;
			sourceTree = "<group>";
		};
		7915F6F5285BCC5300298DB1 /* CoreData */ = {
			isa = PBXGroup;
			children = (
				79D999DE285408EE00090113 /* Item-CoreDataHelpers.swift */,
				79D999E02854096A00090113 /* Project-CoreDataHelpers.swift */,
			);
			path = CoreData;
			sourceTree = "<group>";
		};
		7915F6FB285BCF1500298DB1 /* MyProjectTests */ = {
			isa = PBXGroup;
			children = (
				7915F70F285D208E00298DB1 /* TestFixtures */,
				7915F6FC285BCF1500298DB1 /* MyProjectTests.swift */,
				7915F703285BD35800298DB1 /* AssetTests.swift */,
				7915F707285CF97700298DB1 /* ProjectTests.swift */,
				7915F709285CFBA100298DB1 /* AwardTests.swift */,
				7915F70D285D1B6900298DB1 /* ExtensionTests.swift */,
				7915F717285D332D00298DB1 /* PerformanceTests.swift */,
				7915F70B285D023500298DB1 /* DevelopmentTests.swift */,
			);
			path = MyProjectTests;
			sourceTree = "<group>";
		};
		7915F70F285D208E00298DB1 /* TestFixtures */ = {
			isa = PBXGroup;
			children = (
				7915F713285D20CE00298DB1 /* DecodableDictionary.json */,
				7915F715285D20FB00298DB1 /* DecodableString.json */,
			);
			path = TestFixtures;
			sourceTree = "<group>";
		};
		7915F71E285D373300298DB1 /* MyProjectUITests */ = {
			isa = PBXGroup;
			children = (
				7915F71F285D373300298DB1 /* MyProjectUITests.swift */,
				7915F721285D373300298DB1 /* MyProjectUITestsLaunchTests.swift */,
			);
			path = MyProjectUITests;
			sourceTree = "<group>";
		};
		79D999BA2853DF8B00090113 = {
			isa = PBXGroup;
			children = (
				79D999C52853DF8B00090113 /* MyProject */,
				7915F6FB285BCF1500298DB1 /* MyProjectTests */,
				7915F71E285D373300298DB1 /* MyProjectUITests */,
				79D999C42853DF8B00090113 /* Products */,
			);
			sourceTree = "<group>";
		};
		79D999C42853DF8B00090113 /* Products */ = {
			isa = PBXGroup;
			children = (
				79D999C32853DF8B00090113 /* MyProject.app */,
				7915F6FA285BCF1500298DB1 /* MyProjectTests.xctest */,
				7915F71D285D373300298DB1 /* MyProjectUITests.xctest */,
			);
			name = Products;
			sourceTree = "<group>";
		};
		79D999C52853DF8B00090113 /* MyProject */ = {
			isa = PBXGroup;
			children = (
				79D999D92853F00D00090113 /* Info.plist */,
				79D999C62853DF8B00090113 /* MyProjectApp.swift */,
				7915F6EA2859133800298DB1 /* Strings.swift */,
				79D999CA2853DF9300090113 /* Assets.xcassets */,
				79D999EC28551BC700090113 /* Color.xcassets */,
				7915F6F1285BCBD200298DB1 /* Activites */,
				7915F6EE285BCB1B00298DB1 /* Controllers */,
				7915F6EF285BCB4A00298DB1 /* Extensions */,
				7915F6F0285BCB5D00298DB1 /* Localization */,
				79D999D42853E03600090113 /* Main.xcdatamodeld */,
				79D999CC2853DF9300090113 /* Preview Content */,
			);
			path = MyProject;
			sourceTree = "<group>";
		};
		79D999CC2853DF9300090113 /* Preview Content */ = {
			isa = PBXGroup;
			children = (
				79D999CD2853DF9300090113 /* Preview Assets.xcassets */,
			);
			path = "Preview Content";
			sourceTree = "<group>";
		};
/* End PBXGroup section */

/* Begin PBXNativeTarget section */
		7915F6F9285BCF1500298DB1 /* MyProjectTests */ = {
			isa = PBXNativeTarget;
			buildConfigurationList = 7915F700285BCF1500298DB1 /* Build configuration list for PBXNativeTarget "MyProjectTests" */;
			buildPhases = (
				7915F6F6285BCF1500298DB1 /* Sources */,
				7915F6F7285BCF1500298DB1 /* Frameworks */,
				7915F6F8285BCF1500298DB1 /* Resources */,
			);
			buildRules = (
			);
			dependencies = (
				7915F6FF285BCF1500298DB1 /* PBXTargetDependency */,
			);
			name = MyProjectTests;
			productName = MyProjectTests;
			productReference = 7915F6FA285BCF1500298DB1 /* MyProjectTests.xctest */;
			productType = "com.apple.product-type.bundle.unit-test";
		};
		7915F71C285D373300298DB1 /* MyProjectUITests */ = {
			isa = PBXNativeTarget;
			buildConfigurationList = 7915F725285D373300298DB1 /* Build configuration list for PBXNativeTarget "MyProjectUITests" */;
			buildPhases = (
				7915F719285D373300298DB1 /* Sources */,
				7915F71A285D373300298DB1 /* Frameworks */,
				7915F71B285D373300298DB1 /* Resources */,
			);
			buildRules = (
			);
			dependencies = (
				7915F724285D373300298DB1 /* PBXTargetDependency */,
			);
			name = MyProjectUITests;
			productName = MyProjectUITests;
			productReference = 7915F71D285D373300298DB1 /* MyProjectUITests.xctest */;
			productType = "com.apple.product-type.bundle.ui-testing";
		};
		79D999C22853DF8B00090113 /* MyProject */ = {
			isa = PBXNativeTarget;
			buildConfigurationList = 79D999D12853DF9300090113 /* Build configuration list for PBXNativeTarget "MyProject" */;
			buildPhases = (
				79D999BF2853DF8B00090113 /* Sources */,
				79D999C02853DF8B00090113 /* Frameworks */,
				79D999C12853DF8B00090113 /* Resources */,
				7915F6EC285950F200298DB1 /* SwiftLint */,
			);
			buildRules = (
			);
			dependencies = (
			);
			name = MyProject;
			productName = MyProject;
			productReference = 79D999C32853DF8B00090113 /* MyProject.app */;
			productType = "com.apple.product-type.application";
		};
/* End PBXNativeTarget section */

/* Begin PBXProject section */
		79D999BB2853DF8B00090113 /* Project object */ = {
			isa = PBXProject;
			attributes = {
				BuildIndependentTargetsInParallel = 1;
				LastSwiftUpdateCheck = 1340;
				LastUpgradeCheck = 1340;
				TargetAttributes = {
					7915F6F9285BCF1500298DB1 = {
						CreatedOnToolsVersion = 13.4.1;
						TestTargetID = 79D999C22853DF8B00090113;
					};
					7915F71C285D373300298DB1 = {
						CreatedOnToolsVersion = 13.4.1;
						TestTargetID = 79D999C22853DF8B00090113;
					};
					79D999C22853DF8B00090113 = {
						CreatedOnToolsVersion = 13.4.1;
					};
				};
			};
			buildConfigurationList = 79D999BE2853DF8B00090113 /* Build configuration list for PBXProject "MyProject" */;
			compatibilityVersion = "Xcode 13.0";
			developmentRegion = en;
			hasScannedForEncodings = 0;
			knownRegions = (
				en,
				Base,
				hu,
			);
			mainGroup = 79D999BA2853DF8B00090113;
			productRefGroup = 79D999C42853DF8B00090113 /* Products */;
			projectDirPath = "";
			projectRoot = "";
			targets = (
				79D999C22853DF8B00090113 /* MyProject */,
				7915F6F9285BCF1500298DB1 /* MyProjectTests */,
				7915F71C285D373300298DB1 /* MyProjectUITests */,
			);
		};
/* End PBXProject section */

/* Begin PBXResourcesBuildPhase section */
		7915F6F8285BCF1500298DB1 /* Resources */ = {
			isa = PBXResourcesBuildPhase;
			buildActionMask = 2147483647;
			files = (
				7915F716285D20FB00298DB1 /* DecodableString.json in Resources */,
				7915F714285D20CE00298DB1 /* DecodableDictionary.json in Resources */,
			);
			runOnlyForDeploymentPostprocessing = 0;
		};
		7915F71B285D373300298DB1 /* Resources */ = {
			isa = PBXResourcesBuildPhase;
			buildActionMask = 2147483647;
			files = (
			);
			runOnlyForDeploymentPostprocessing = 0;
		};
		79D999C12853DF8B00090113 /* Resources */ = {
			isa = PBXResourcesBuildPhase;
			buildActionMask = 2147483647;
			files = (
				7915F6DA2857CEE500298DB1 /* Localizable.strings in Resources */,
				79D999CE2853DF9300090113 /* Preview Assets.xcassets in Resources */,
				7915F6E22857D00500298DB1 /* Awards.json in Resources */,
				79D999CB2853DF9300090113 /* Assets.xcassets in Resources */,
				79D999ED28551BC700090113 /* Color.xcassets in Resources */,
				7915F6DE2857CF7C00298DB1 /* Localizable.stringsdict in Resources */,
			);
			runOnlyForDeploymentPostprocessing = 0;
		};
/* End PBXResourcesBuildPhase section */

/* Begin PBXShellScriptBuildPhase section */
		7915F6EC285950F200298DB1 /* SwiftLint */ = {
			isa = PBXShellScriptBuildPhase;
			buildActionMask = 2147483647;
			files = (
			);
			inputFileListPaths = (
			);
			inputPaths = (
			);
			name = SwiftLint;
			outputFileListPaths = (
			);
			outputPaths = (
			);
			runOnlyForDeploymentPostprocessing = 0;
			shellPath = /bin/sh;
			shellScript = "# Type a script or drag a script file from your workspace to insert its path.\nif which swiftlint >/dev/null; then\n    swiftlint\nelse\n    echo \"warning: SwiftLint not installed, download from https://github.com/realm/SwiftLint\"\nfi\n";
		};
/* End PBXShellScriptBuildPhase section */

/* Begin PBXSourcesBuildPhase section */
		7915F6F6285BCF1500298DB1 /* Sources */ = {
			isa = PBXSourcesBuildPhase;
			buildActionMask = 2147483647;
			files = (
				7915F718285D332D00298DB1 /* PerformanceTests.swift in Sources */,
				7915F704285BD35800298DB1 /* AssetTests.swift in Sources */,
				7915F70A285CFBA100298DB1 /* AwardTests.swift in Sources */,
				7915F6FD285BCF1500298DB1 /* MyProjectTests.swift in Sources */,
				7915F70E285D1B6900298DB1 /* ExtensionTests.swift in Sources */,
				7915F708285CF97700298DB1 /* ProjectTests.swift in Sources */,
				7915F70C285D023500298DB1 /* DevelopmentTests.swift in Sources */,
			);
			runOnlyForDeploymentPostprocessing = 0;
		};
		7915F719285D373300298DB1 /* Sources */ = {
			isa = PBXSourcesBuildPhase;
			buildActionMask = 2147483647;
			files = (
				7915F722285D373300298DB1 /* MyProjectUITestsLaunchTests.swift in Sources */,
				7915F720285D373300298DB1 /* MyProjectUITests.swift in Sources */,
			);
			runOnlyForDeploymentPostprocessing = 0;
		};
		79D999BF2853DF8B00090113 /* Sources */ = {
			isa = PBXSourcesBuildPhase;
			buildActionMask = 2147483647;
			files = (
				79D999DD2853F55A00090113 /* ProjectsView.swift in Sources */,
				7915F6E92857DC5900298DB1 /* ProjectSummaryView.swift in Sources */,
				79D999EB2855199400090113 /* ProjectHeaderView.swift in Sources */,
				7915F6D32856830F00298DB1 /* AwardsView.swift in Sources */,
				79D999D62853E03600090113 /* Main.xcdatamodeld in Sources */,
				797CFF3E2863B34A000FC2A1 /* UnlockManager.swift in Sources */,
				79D999E12854096A00090113 /* Project-CoreDataHelpers.swift in Sources */,
				7915F6D528568CFB00298DB1 /* Color-Additions.swift in Sources */,
				79D999EF28551C1F00090113 /* EditProjectView.swift in Sources */,
				79D999D82853E46A00090113 /* DataController.swift in Sources */,
				7915F6C928567DD000298DB1 /* SelectSomethingView.swift in Sources */,
				7915F6D1285682B300298DB1 /* Award.swift in Sources */,
				79D999E7285413A500090113 /* ItemRowView.swift in Sources */,
				7915F729285FB6A900298DB1 /* ItemRowViewModel.swift in Sources */,
				7915F6EB2859133800298DB1 /* Strings.swift in Sources */,
				79D999C92853DF8B00090113 /* ContentView.swift in Sources */,
				79D999E92854146300090113 /* Binding-OnChange.swift in Sources */,
				7915F6C72855868E00298DB1 /* Sequence-Sorting.swift in Sources */,
				7915F6CB28567F7800298DB1 /* Bundle-Decodable.swift in Sources */,
				7915F6E72857DBA600298DB1 /* ItemListView.swift in Sources */,
				79D999DB2853F43900090113 /* HomeView.swift in Sources */,
				79D999C72853DF8B00090113 /* MyProjectApp.swift in Sources */,
				79D999DF285408EE00090113 /* Item-CoreDataHelpers.swift in Sources */,
				79D999E52854100200090113 /* EditItemView.swift in Sources */,
			);
			runOnlyForDeploymentPostprocessing = 0;
		};
/* End PBXSourcesBuildPhase section */

/* Begin PBXTargetDependency section */
		7915F6FF285BCF1500298DB1 /* PBXTargetDependency */ = {
			isa = PBXTargetDependency;
			target = 79D999C22853DF8B00090113 /* MyProject */;
			targetProxy = 7915F6FE285BCF1500298DB1 /* PBXContainerItemProxy */;
		};
		7915F724285D373300298DB1 /* PBXTargetDependency */ = {
			isa = PBXTargetDependency;
			target = 79D999C22853DF8B00090113 /* MyProject */;
			targetProxy = 7915F723285D373300298DB1 /* PBXContainerItemProxy */;
		};
/* End PBXTargetDependency section */

/* Begin PBXVariantGroup section */
		7915F6DC2857CEE500298DB1 /* Localizable.strings */ = {
			isa = PBXVariantGroup;
			children = (
				7915F6DB2857CEE500298DB1 /* en */,
				7915F6DD2857CEEA00298DB1 /* hu */,
			);
			name = Localizable.strings;
			sourceTree = "<group>";
		};
		7915F6E02857CF7C00298DB1 /* Localizable.stringsdict */ = {
			isa = PBXVariantGroup;
			children = (
				7915F6DF2857CF7C00298DB1 /* en */,
				7915F6E12857CF7E00298DB1 /* hu */,
			);
			name = Localizable.stringsdict;
			sourceTree = "<group>";
		};
		7915F6E42857D00500298DB1 /* Awards.json */ = {
			isa = PBXVariantGroup;
			children = (
				7915F6E32857D00500298DB1 /* en */,
				7915F6E52857D00800298DB1 /* hu */,
			);
			name = Awards.json;
			sourceTree = "<group>";
		};
/* End PBXVariantGroup section */

/* Begin XCBuildConfiguration section */
		7915F701285BCF1500298DB1 /* Debug */ = {
			isa = XCBuildConfiguration;
			buildSettings = {
				BUNDLE_LOADER = "$(TEST_HOST)";
				CODE_SIGN_STYLE = Automatic;
				CURRENT_PROJECT_VERSION = 1;
				DEVELOPMENT_TEAM = D4RQLUZ88Q;
				GENERATE_INFOPLIST_FILE = YES;
				MARKETING_VERSION = 1.0;
				PRODUCT_BUNDLE_IDENTIFIER = code.MyProjectTests;
				PRODUCT_NAME = "$(TARGET_NAME)";
				SWIFT_EMIT_LOC_STRINGS = NO;
				SWIFT_VERSION = 5.0;
				TARGETED_DEVICE_FAMILY = "1,2";
				TEST_HOST = "$(BUILT_PRODUCTS_DIR)/MyProject.app/MyProject";
			};
			name = Debug;
		};
		7915F702285BCF1500298DB1 /* Release */ = {
			isa = XCBuildConfiguration;
			buildSettings = {
				BUNDLE_LOADER = "$(TEST_HOST)";
				CODE_SIGN_STYLE = Automatic;
				CURRENT_PROJECT_VERSION = 1;
				DEVELOPMENT_TEAM = D4RQLUZ88Q;
				GENERATE_INFOPLIST_FILE = YES;
				MARKETING_VERSION = 1.0;
				PRODUCT_BUNDLE_IDENTIFIER = code.MyProjectTests;
				PRODUCT_NAME = "$(TARGET_NAME)";
				SWIFT_EMIT_LOC_STRINGS = NO;
				SWIFT_VERSION = 5.0;
				TARGETED_DEVICE_FAMILY = "1,2";
				TEST_HOST = "$(BUILT_PRODUCTS_DIR)/MyProject.app/MyProject";
			};
			name = Release;
		};
		7915F726285D373300298DB1 /* Debug */ = {
			isa = XCBuildConfiguration;
			buildSettings = {
				CODE_SIGN_STYLE = Automatic;
				CURRENT_PROJECT_VERSION = 1;
				DEVELOPMENT_TEAM = D4RQLUZ88Q;
				GENERATE_INFOPLIST_FILE = YES;
				MARKETING_VERSION = 1.0;
				PRODUCT_BUNDLE_IDENTIFIER = code.MyProjectUITests;
				PRODUCT_NAME = "$(TARGET_NAME)";
				SWIFT_EMIT_LOC_STRINGS = NO;
				SWIFT_VERSION = 5.0;
				TARGETED_DEVICE_FAMILY = "1,2";
				TEST_TARGET_NAME = MyProject;
			};
			name = Debug;
		};
		7915F727285D373300298DB1 /* Release */ = {
			isa = XCBuildConfiguration;
			buildSettings = {
				CODE_SIGN_STYLE = Automatic;
				CURRENT_PROJECT_VERSION = 1;
				DEVELOPMENT_TEAM = D4RQLUZ88Q;
				GENERATE_INFOPLIST_FILE = YES;
				MARKETING_VERSION = 1.0;
				PRODUCT_BUNDLE_IDENTIFIER = code.MyProjectUITests;
				PRODUCT_NAME = "$(TARGET_NAME)";
				SWIFT_EMIT_LOC_STRINGS = NO;
				SWIFT_VERSION = 5.0;
				TARGETED_DEVICE_FAMILY = "1,2";
				TEST_TARGET_NAME = MyProject;
			};
			name = Release;
		};
		79D999CF2853DF9300090113 /* Debug */ = {
			isa = XCBuildConfiguration;
			buildSettings = {
				ALWAYS_SEARCH_USER_PATHS = NO;
				CLANG_ANALYZER_NONNULL = YES;
				CLANG_ANALYZER_NUMBER_OBJECT_CONVERSION = YES_AGGRESSIVE;
				CLANG_CXX_LANGUAGE_STANDARD = "gnu++17";
				CLANG_ENABLE_MODULES = YES;
				CLANG_ENABLE_OBJC_ARC = YES;
				CLANG_ENABLE_OBJC_WEAK = YES;
				CLANG_WARN_BLOCK_CAPTURE_AUTORELEASING = YES;
				CLANG_WARN_BOOL_CONVERSION = YES;
				CLANG_WARN_COMMA = YES;
				CLANG_WARN_CONSTANT_CONVERSION = YES;
				CLANG_WARN_DEPRECATED_OBJC_IMPLEMENTATIONS = YES;
				CLANG_WARN_DIRECT_OBJC_ISA_USAGE = YES_ERROR;
				CLANG_WARN_DOCUMENTATION_COMMENTS = YES;
				CLANG_WARN_EMPTY_BODY = YES;
				CLANG_WARN_ENUM_CONVERSION = YES;
				CLANG_WARN_INFINITE_RECURSION = YES;
				CLANG_WARN_INT_CONVERSION = YES;
				CLANG_WARN_NON_LITERAL_NULL_CONVERSION = YES;
				CLANG_WARN_OBJC_IMPLICIT_RETAIN_SELF = YES;
				CLANG_WARN_OBJC_LITERAL_CONVERSION = YES;
				CLANG_WARN_OBJC_ROOT_CLASS = YES_ERROR;
				CLANG_WARN_QUOTED_INCLUDE_IN_FRAMEWORK_HEADER = YES;
				CLANG_WARN_RANGE_LOOP_ANALYSIS = YES;
				CLANG_WARN_STRICT_PROTOTYPES = YES;
				CLANG_WARN_SUSPICIOUS_MOVE = YES;
				CLANG_WARN_UNGUARDED_AVAILABILITY = YES_AGGRESSIVE;
				CLANG_WARN_UNREACHABLE_CODE = YES;
				CLANG_WARN__DUPLICATE_METHOD_MATCH = YES;
				COPY_PHASE_STRIP = NO;
				DEBUG_INFORMATION_FORMAT = dwarf;
				ENABLE_STRICT_OBJC_MSGSEND = YES;
				ENABLE_TESTABILITY = YES;
				GCC_C_LANGUAGE_STANDARD = gnu11;
				GCC_DYNAMIC_NO_PIC = NO;
				GCC_NO_COMMON_BLOCKS = YES;
				GCC_OPTIMIZATION_LEVEL = 0;
				GCC_PREPROCESSOR_DEFINITIONS = (
					"DEBUG=1",
					"$(inherited)",
				);
				GCC_WARN_64_TO_32_BIT_CONVERSION = YES;
				GCC_WARN_ABOUT_RETURN_TYPE = YES_ERROR;
				GCC_WARN_UNDECLARED_SELECTOR = YES;
				GCC_WARN_UNINITIALIZED_AUTOS = YES_AGGRESSIVE;
				GCC_WARN_UNUSED_FUNCTION = YES;
				GCC_WARN_UNUSED_VARIABLE = YES;
				IPHONEOS_DEPLOYMENT_TARGET = 15.5;
				MTL_ENABLE_DEBUG_INFO = INCLUDE_SOURCE;
				MTL_FAST_MATH = YES;
				ONLY_ACTIVE_ARCH = YES;
				SDKROOT = iphoneos;
				SWIFT_ACTIVE_COMPILATION_CONDITIONS = DEBUG;
				SWIFT_OPTIMIZATION_LEVEL = "-Onone";
			};
			name = Debug;
		};
		79D999D02853DF9300090113 /* Release */ = {
			isa = XCBuildConfiguration;
			buildSettings = {
				ALWAYS_SEARCH_USER_PATHS = NO;
				CLANG_ANALYZER_NONNULL = YES;
				CLANG_ANALYZER_NUMBER_OBJECT_CONVERSION = YES_AGGRESSIVE;
				CLANG_CXX_LANGUAGE_STANDARD = "gnu++17";
				CLANG_ENABLE_MODULES = YES;
				CLANG_ENABLE_OBJC_ARC = YES;
				CLANG_ENABLE_OBJC_WEAK = YES;
				CLANG_WARN_BLOCK_CAPTURE_AUTORELEASING = YES;
				CLANG_WARN_BOOL_CONVERSION = YES;
				CLANG_WARN_COMMA = YES;
				CLANG_WARN_CONSTANT_CONVERSION = YES;
				CLANG_WARN_DEPRECATED_OBJC_IMPLEMENTATIONS = YES;
				CLANG_WARN_DIRECT_OBJC_ISA_USAGE = YES_ERROR;
				CLANG_WARN_DOCUMENTATION_COMMENTS = YES;
				CLANG_WARN_EMPTY_BODY = YES;
				CLANG_WARN_ENUM_CONVERSION = YES;
				CLANG_WARN_INFINITE_RECURSION = YES;
				CLANG_WARN_INT_CONVERSION = YES;
				CLANG_WARN_NON_LITERAL_NULL_CONVERSION = YES;
				CLANG_WARN_OBJC_IMPLICIT_RETAIN_SELF = YES;
				CLANG_WARN_OBJC_LITERAL_CONVERSION = YES;
				CLANG_WARN_OBJC_ROOT_CLASS = YES_ERROR;
				CLANG_WARN_QUOTED_INCLUDE_IN_FRAMEWORK_HEADER = YES;
				CLANG_WARN_RANGE_LOOP_ANALYSIS = YES;
				CLANG_WARN_STRICT_PROTOTYPES = YES;
				CLANG_WARN_SUSPICIOUS_MOVE = YES;
				CLANG_WARN_UNGUARDED_AVAILABILITY = YES_AGGRESSIVE;
				CLANG_WARN_UNREACHABLE_CODE = YES;
				CLANG_WARN__DUPLICATE_METHOD_MATCH = YES;
				COPY_PHASE_STRIP = NO;
				DEBUG_INFORMATION_FORMAT = "dwarf-with-dsym";
				ENABLE_NS_ASSERTIONS = NO;
				ENABLE_STRICT_OBJC_MSGSEND = YES;
				GCC_C_LANGUAGE_STANDARD = gnu11;
				GCC_NO_COMMON_BLOCKS = YES;
				GCC_WARN_64_TO_32_BIT_CONVERSION = YES;
				GCC_WARN_ABOUT_RETURN_TYPE = YES_ERROR;
				GCC_WARN_UNDECLARED_SELECTOR = YES;
				GCC_WARN_UNINITIALIZED_AUTOS = YES_AGGRESSIVE;
				GCC_WARN_UNUSED_FUNCTION = YES;
				GCC_WARN_UNUSED_VARIABLE = YES;
				IPHONEOS_DEPLOYMENT_TARGET = 15.5;
				MTL_ENABLE_DEBUG_INFO = NO;
				MTL_FAST_MATH = YES;
				SDKROOT = iphoneos;
				SWIFT_COMPILATION_MODE = wholemodule;
				SWIFT_OPTIMIZATION_LEVEL = "-O";
				VALIDATE_PRODUCT = YES;
			};
			name = Release;
		};
		79D999D22853DF9300090113 /* Debug */ = {
			isa = XCBuildConfiguration;
			buildSettings = {
				ASSETCATALOG_COMPILER_APPICON_NAME = AppIcon;
				ASSETCATALOG_COMPILER_GLOBAL_ACCENT_COLOR_NAME = AccentColor;
				CODE_SIGN_STYLE = Automatic;
				CURRENT_PROJECT_VERSION = 1;
				DEVELOPMENT_ASSET_PATHS = "\"MyProject/Preview Content\"";
				DEVELOPMENT_TEAM = D4RQLUZ88Q;
				ENABLE_PREVIEWS = YES;
				GENERATE_INFOPLIST_FILE = YES;
				INFOPLIST_FILE = MyProject/Info.plist;
				INFOPLIST_KEY_UIApplicationSceneManifest_Generation = YES;
				INFOPLIST_KEY_UIApplicationSupportsIndirectInputEvents = YES;
				INFOPLIST_KEY_UILaunchScreen_Generation = YES;
				INFOPLIST_KEY_UISupportedInterfaceOrientations_iPad = "UIInterfaceOrientationPortrait UIInterfaceOrientationPortraitUpsideDown UIInterfaceOrientationLandscapeLeft UIInterfaceOrientationLandscapeRight";
				INFOPLIST_KEY_UISupportedInterfaceOrientations_iPhone = "UIInterfaceOrientationPortrait UIInterfaceOrientationLandscapeLeft UIInterfaceOrientationLandscapeRight";
				LD_RUNPATH_SEARCH_PATHS = (
					"$(inherited)",
					"@executable_path/Frameworks",
				);
				MARKETING_VERSION = 1.0;
				PRODUCT_BUNDLE_IDENTIFIER = code.MyProject;
				PRODUCT_NAME = "$(TARGET_NAME)";
				SWIFT_EMIT_LOC_STRINGS = YES;
				SWIFT_VERSION = 5.0;
				TARGETED_DEVICE_FAMILY = "1,2";
			};
			name = Debug;
		};
		79D999D32853DF9300090113 /* Release */ = {
			isa = XCBuildConfiguration;
			buildSettings = {
				ASSETCATALOG_COMPILER_APPICON_NAME = AppIcon;
				ASSETCATALOG_COMPILER_GLOBAL_ACCENT_COLOR_NAME = AccentColor;
				CODE_SIGN_STYLE = Automatic;
				CURRENT_PROJECT_VERSION = 1;
				DEVELOPMENT_ASSET_PATHS = "\"MyProject/Preview Content\"";
				DEVELOPMENT_TEAM = D4RQLUZ88Q;
				ENABLE_PREVIEWS = YES;
				GENERATE_INFOPLIST_FILE = YES;
				INFOPLIST_FILE = MyProject/Info.plist;
				INFOPLIST_KEY_UIApplicationSceneManifest_Generation = YES;
				INFOPLIST_KEY_UIApplicationSupportsIndirectInputEvents = YES;
				INFOPLIST_KEY_UILaunchScreen_Generation = YES;
				INFOPLIST_KEY_UISupportedInterfaceOrientations_iPad = "UIInterfaceOrientationPortrait UIInterfaceOrientationPortraitUpsideDown UIInterfaceOrientationLandscapeLeft UIInterfaceOrientationLandscapeRight";
				INFOPLIST_KEY_UISupportedInterfaceOrientations_iPhone = "UIInterfaceOrientationPortrait UIInterfaceOrientationLandscapeLeft UIInterfaceOrientationLandscapeRight";
				LD_RUNPATH_SEARCH_PATHS = (
					"$(inherited)",
					"@executable_path/Frameworks",
				);
				MARKETING_VERSION = 1.0;
				PRODUCT_BUNDLE_IDENTIFIER = code.MyProject;
				PRODUCT_NAME = "$(TARGET_NAME)";
				SWIFT_EMIT_LOC_STRINGS = YES;
				SWIFT_VERSION = 5.0;
				TARGETED_DEVICE_FAMILY = "1,2";
			};
			name = Release;
		};
/* End XCBuildConfiguration section */

/* Begin XCConfigurationList section */
		7915F700285BCF1500298DB1 /* Build configuration list for PBXNativeTarget "MyProjectTests" */ = {
			isa = XCConfigurationList;
			buildConfigurations = (
				7915F701285BCF1500298DB1 /* Debug */,
				7915F702285BCF1500298DB1 /* Release */,
			);
			defaultConfigurationIsVisible = 0;
			defaultConfigurationName = Release;
		};
		7915F725285D373300298DB1 /* Build configuration list for PBXNativeTarget "MyProjectUITests" */ = {
			isa = XCConfigurationList;
			buildConfigurations = (
				7915F726285D373300298DB1 /* Debug */,
				7915F727285D373300298DB1 /* Release */,
			);
			defaultConfigurationIsVisible = 0;
			defaultConfigurationName = Release;
		};
		79D999BE2853DF8B00090113 /* Build configuration list for PBXProject "MyProject" */ = {
			isa = XCConfigurationList;
			buildConfigurations = (
				79D999CF2853DF9300090113 /* Debug */,
				79D999D02853DF9300090113 /* Release */,
			);
			defaultConfigurationIsVisible = 0;
			defaultConfigurationName = Release;
		};
		79D999D12853DF9300090113 /* Build configuration list for PBXNativeTarget "MyProject" */ = {
			isa = XCConfigurationList;
			buildConfigurations = (
				79D999D22853DF9300090113 /* Debug */,
				79D999D32853DF9300090113 /* Release */,
			);
			defaultConfigurationIsVisible = 0;
			defaultConfigurationName = Release;
		};
/* End XCConfigurationList section */

/* Begin XCVersionGroup section */
		79D999D42853E03600090113 /* Main.xcdatamodeld */ = {
			isa = XCVersionGroup;
			children = (
				79D999D52853E03600090113 /* Main.xcdatamodel */,
			);
			currentVersion = 79D999D52853E03600090113 /* Main.xcdatamodel */;
			path = Main.xcdatamodeld;
			sourceTree = "<group>";
			versionGroupType = wrapper.xcdatamodel;
		};
/* End XCVersionGroup section */
	};
	rootObject = 79D999BB2853DF8B00090113 /* Project object */;
}
